{
  "name": "plex-osc",
  "version": "1.0.0",
  "lockfileVersion": 2,
  "requires": true,
  "packages": {
    "": {
      "name": "plex-osc",
      "version": "1.0.0",
      "license": "ISC",
      "dependencies": {
        "@lukehagar/plexjs": "^0.23.5",
        "dotenv": "^16.4.5"
      }
    },
    "node_modules/@lukehagar/plexjs": {
      "version": "0.23.5",
      "resolved": "https://registry.npmjs.org/@lukehagar/plexjs/-/plexjs-0.23.5.tgz",
      "integrity": "sha512-ai0RrICHb7dTOOMUn7KWhKeCxqyFSEUvEy1Xa0U9nXlXpDckPNO3Z2BK0vE/sgFTR/Z1YB9oCo1SVBWvs1fxRQ==",
      "peerDependencies": {
        "zod": ">= 3"
      }
    },
    "node_modules/dotenv": {
      "version": "16.4.5",
      "resolved": "https://registry.npmjs.org/dotenv/-/dotenv-16.4.5.tgz",
      "integrity": "sha512-ZmdL2rui+eB2YwhsWzjInR8LldtZHGDoQ1ugH85ppHKwpUHL7j7rN0Ti9NCnGiQbhaZ11FpR+7ao1dNsmduNUg==",
      "license": "BSD-2-Clause",
      "engines": {
        "node": ">=12"
      },
      "funding": {
        "url": "https://dotenvx.com"
      }
    },
    "node_modules/zod": {
      "version": "3.23.8",
      "resolved": "https://registry.npmjs.org/zod/-/zod-3.23.8.tgz",
      "integrity": "sha512-XBx9AXhXktjUqnepgTiE5flcKIYWi/rme0Eaj+5Y0lftuGBq+jyRu/md4WnuxqgP1ubdpNCsYEYPxrzVHD8d6g==",
      "license": "MIT",
      "peer": true,
      "funding": {
        "url": "https://github.com/sponsors/colinhacks"
      }
    }
  },
  "dependencies": {
    "@lukehagar/plexjs": {
      "version": "0.23.5",
      "resolved": "https://registry.npmjs.org/@lukehagar/plexjs/-/plexjs-0.23.5.tgz",
      "integrity": "sha512-ai0RrICHb7dTOOMUn7KWhKeCxqyFSEUvEy1Xa0U9nXlXpDckPNO3Z2BK0vE/sgFTR/Z1YB9oCo1SVBWvs1fxRQ==",
      "requires": {}
    },
    "dotenv": {
      "version": "16.4.5",
      "resolved": "https://registry.npmjs.org/dotenv/-/dotenv-16.4.5.tgz",
      "integrity": "sha512-ZmdL2rui+eB2YwhsWzjInR8LldtZHGDoQ1ugH85ppHKwpUHL7j7rN0Ti9NCnGiQbhaZ11FpR+7ao1dNsmduNUg=="
    },
    "zod": {
      "version": "3.23.8",
      "resolved": "https://registry.npmjs.org/zod/-/zod-3.23.8.tgz",
      "integrity": "sha512-XBx9AXhXktjUqnepgTiE5flcKIYWi/rme0Eaj+5Y0lftuGBq+jyRu/md4WnuxqgP1ubdpNCsYEYPxrzVHD8d6g==",
      "peer": true
    }
  }
}
